
Microsoft Visual Studio Solution File, Format Version 12.00
# Visual Studio Version 17
VisualStudioVersion = 17.3.32825.248
MinimumVisualStudioVersion = 10.0.40219.1
Project("{FAE04EC0-301F-11D3-BF4B-00C04F79EFBC}") = "Netflix_Clone_API_Back", "Netflix-Clone-API-Back\Netflix_Clone_API_Back.csproj", "{644676F2-E600-4169-A402-4C2EFBBEA427}"
EndProject
Global
	GlobalSection(SolutionConfigurationPlatforms) = preSolution
		Debug|Any CPU = Debug|Any CPU
		Release|Any CPU = Release|Any CPU
	EndGlobalSection
	GlobalSection(ProjectConfigurationPlatforms) = postSolution
		{644676F2-E600-4169-A402-4C2EFBBEA427}.Debug|Any CPU.ActiveCfg = Debug|Any CPU
		{644676F2-E600-4169-A402-4C2EFBBEA427}.Debug|Any CPU.Build.0 = Debug|Any CPU
		{644676F2-E600-4169-A402-4C2EFBBEA427}.Release|Any CPU.ActiveCfg = Release|Any CPU
		{644676F2-E600-4169-A402-4C2EFBBEA427}.Release|Any CPU.Build.0 = Release|Any CPU
	EndGlobalSection
	GlobalSection(SolutionProperties) = preSolution
		HideSolutionNode = FALSE
	EndGlobalSection
	GlobalSection(ExtensibilityGlobals) = postSolution
		SolutionGuid = {5237AD7D-B8CF-4302-8AA9-E6D7BAC17988}
	EndGlobalSection
EndGlobal
